// !$*UTF8*$!
{
	archiveVersion = 1;
	classes = {
	};
	objectVersion = 50;
	objects = {

/* Begin PBXBuildFile section */
		EB19FB6720D993E7002EA2E6 /* BlinkingTimerView.swift in Sources */ = {isa = PBXBuildFile; fileRef = EB19FB6620D993E7002EA2E6 /* BlinkingTimerView.swift */; };
		EBF735F920D032B20026FFFA /* AppDelegate.swift in Sources */ = {isa = PBXBuildFile; fileRef = EBF735F820D032B20026FFFA /* AppDelegate.swift */; };
		EBF735FB20D032B20026FFFA /* ViewController.swift in Sources */ = {isa = PBXBuildFile; fileRef = EBF735FA20D032B20026FFFA /* ViewController.swift */; };
		EBF735FE20D032B20026FFFA /* Main.storyboard in Resources */ = {isa = PBXBuildFile; fileRef = EBF735FC20D032B20026FFFA /* Main.storyboard */; };
		EBF7360020D032B40026FFFA /* Assets.xcassets in Resources */ = {isa = PBXBuildFile; fileRef = EBF735FF20D032B40026FFFA /* Assets.xcassets */; };
		EBF7360320D032B40026FFFA /* LaunchScreen.storyboard in Resources */ = {isa = PBXBuildFile; fileRef = EBF7360120D032B40026FFFA /* LaunchScreen.storyboard */; };
		EBF7361320D03B170026FFFA /* ClockView.xib in Resources */ = {isa = PBXBuildFile; fileRef = EBF7361220D03B170026FFFA /* ClockView.xib */; };
		EBF7361520D03BC50026FFFA /* ClockView.swift in Sources */ = {isa = PBXBuildFile; fileRef = EBF7361420D03BC50026FFFA /* ClockView.swift */; };
		EBF7361720D971A90026FFFA /* BlinkingTimerView.xib in Resources */ = {isa = PBXBuildFile; fileRef = EBF7361620D971A90026FFFA /* BlinkingTimerView.xib */; };
/* End PBXBuildFile section */

/* Begin PBXFileReference section */
		EB19FB6620D993E7002EA2E6 /* BlinkingTimerView.swift */ = {isa = PBXFileReference; lastKnownFileType = sourcecode.swift; path = BlinkingTimerView.swift; sourceTree = "<group>"; };
		EBF735F520D032B20026FFFA /* Clock.app */ = {isa = PBXFileReference; explicitFileType = wrapper.application; includeInIndex = 0; path = Clock.app; sourceTree = BUILT_PRODUCTS_DIR; };
		EBF735F820D032B20026FFFA /* AppDelegate.swift */ = {isa = PBXFileReference; lastKnownFileType = sourcecode.swift; path = AppDelegate.swift; sourceTree = "<group>"; };
		EBF735FA20D032B20026FFFA /* ViewController.swift */ = {isa = PBXFileReference; lastKnownFileType = sourcecode.swift; path = ViewController.swift; sourceTree = "<group>"; };
		EBF735FD20D032B20026FFFA /* Base */ = {isa = PBXFileReference; lastKnownFileType = file.storyboard; name = Base; path = Base.lproj/Main.storyboard; sourceTree = "<group>"; };
		EBF735FF20D032B40026FFFA /* Assets.xcassets */ = {isa = PBXFileReference; lastKnownFileType = folder.assetcatalog; path = Assets.xcassets; sourceTree = "<group>"; };
		EBF7360220D032B40026FFFA /* Base */ = {isa = PBXFileReference; lastKnownFileType = file.storyboard; name = Base; path = Base.lproj/LaunchScreen.storyboard; sourceTree = "<group>"; };
		EBF7360420D032B40026FFFA /* Info.plist */ = {isa = PBXFileReference; lastKnownFileType = text.plist.xml; path = Info.plist; sourceTree = "<group>"; };
		EBF7361220D03B170026FFFA /* ClockView.xib */ = {isa = PBXFileReference; lastKnownFileType = file.xib; path = ClockView.xib; sourceTree = "<group>"; };
		EBF7361420D03BC50026FFFA /* ClockView.swift */ = {isa = PBXFileReference; lastKnownFileType = sourcecode.swift; path = ClockView.swift; sourceTree = "<group>"; };
		EBF7361620D971A90026FFFA /* BlinkingTimerView.xib */ = {isa = PBXFileReference; lastKnownFileType = file.xib; path = BlinkingTimerView.xib; sourceTree = "<group>"; };
/* End PBXFileReference section */

/* Begin PBXFrameworksBuildPhase section */
		EBF735F220D032B20026FFFA /* Frameworks */ = {
			isa = PBXFrameworksBuildPhase;
			buildActionMask = 2147483647;
			files = (
			);
			runOnlyForDeploymentPostprocessing = 0;
		};
/* End PBXFrameworksBuildPhase section */

/* Begin PBXGroup section */
		EBF735EC20D032B20026FFFA = {
			isa = PBXGroup;
			children = (
				EBF735F720D032B20026FFFA /* Clock */,
				EBF735F620D032B20026FFFA /* Products */,
			);
			sourceTree = "<group>";
		};
		EBF735F620D032B20026FFFA /* Products */ = {
			isa = PBXGroup;
			children = (
				EBF735F520D032B20026FFFA /* Clock.app */,
			);
			name = Products;
			sourceTree = "<group>";
		};
		EBF735F720D032B20026FFFA /* Clock */ = {
			isa = PBXGroup;
			children = (
				EBF735F820D032B20026FFFA /* AppDelegate.swift */,
				EBF735FA20D032B20026FFFA /* ViewController.swift */,
				EBF735FC20D032B20026FFFA /* Main.storyboard */,
				EBF7361220D03B170026FFFA /* ClockView.xib */,
				EBF7361420D03BC50026FFFA /* ClockView.swift */,
				EBF7361620D971A90026FFFA /* BlinkingTimerView.xib */,
				EB19FB6620D993E7002EA2E6 /* BlinkingTimerView.swift */,
				EBF735FF20D032B40026FFFA /* Assets.xcassets */,
				EBF7360120D032B40026FFFA /* LaunchScreen.storyboard */,
				EBF7360420D032B40026FFFA /* Info.plist */,
			);
			path = Clock;
			sourceTree = "<group>";
		};
/* End PBXGroup section */

/* Begin PBXNativeTarget section */
		EBF735F420D032B20026FFFA /* Clock */ = {
			isa = PBXNativeTarget;
			buildConfigurationList = EBF7360720D032B40026FFFA /* Build configuration list for PBXNativeTarget "Clock" */;
			buildPhases = (
				EBF735F120D032B20026FFFA /* Sources */,
				EBF735F220D032B20026FFFA /* Frameworks */,
				EBF735F320D032B20026FFFA /* Resources */,
			);
			buildRules = (
			);
			dependencies = (
			);
			name = Clock;
			productName = Clock;
			productReference = EBF735F520D032B20026FFFA /* Clock.app */;
			productType = "com.apple.product-type.application";
		};
/* End PBXNativeTarget section */

/* Begin PBXProject section */
		EBF735ED20D032B20026FFFA /* Project object */ = {
			isa = PBXProject;
			attributes = {
				LastSwiftUpdateCheck = 0930;
				LastUpgradeCheck = 0930;
				ORGANIZATIONNAME = "Kristina Neuwirth";
				TargetAttributes = {
					EBF735F420D032B20026FFFA = {
						CreatedOnToolsVersion = 9.3;
					};
				};
			};
			buildConfigurationList = EBF735F020D032B20026FFFA /* Build configuration list for PBXProject "Clock" */;
			compatibilityVersion = "Xcode 9.3";
			developmentRegion = en;
			hasScannedForEncodings = 0;
			knownRegions = (
				en,
				Base,
			);
			mainGroup = EBF735EC20D032B20026FFFA;
			productRefGroup = EBF735F620D032B20026FFFA /* Products */;
			projectDirPath = "";
			projectRoot = "";
			targets = (
				EBF735F420D032B20026FFFA /* Clock */,
			);
		};
/* End PBXProject section */

/* Begin PBXResourcesBuildPhase section */
		EBF735F320D032B20026FFFA /* Resources */ = {
			isa = PBXResourcesBuildPhase;
			buildActionMask = 2147483647;
			files = (
				EBF7360320D032B40026FFFA /* LaunchScreen.storyboard in Resources */,
				EBF7361320D03B170026FFFA /* ClockView.xib in Resources */,
				EBF7360020D032B40026FFFA /* Assets.xcassets in Resources */,
				EBF735FE20D032B20026FFFA /* Main.storyboard in Resources */,
				EBF7361720D971A90026FFFA /* BlinkingTimerView.xib in Resources */,
			);
			runOnlyForDeploymentPostprocessing = 0;
		};
/* End PBXResourcesBuildPhase section */

/* Begin PBXSourcesBuildPhase section */
		EBF735F120D032B20026FFFA /* Sources */ = {
			isa = PBXSourcesBuildPhase;
			buildActionMask = 2147483647;
			files = (
				EB19FB6720D993E7002EA2E6 /* BlinkingTimerView.swift in Sources */,
				EBF735FB20D032B20026FFFA /* ViewController.swift in Sources */,
				EBF7361520D03BC50026FFFA /* ClockView.swift in Sources */,
				EBF735F920D032B20026FFFA /* AppDelegate.swift in Sources */,
			);
			runOnlyForDeploymentPostprocessing = 0;
		};
/* End PBXSourcesBuildPhase section */

/* Begin PBXVariantGroup section */
		EBF735FC20D032B20026FFFA /* Main.storyboard */ = {
			isa = PBXVariantGroup;
			children = (
				EBF735FD20D032B20026FFFA /* Base */,
			);
			name = Main.storyboard;
			sourceTree = "<group>";
		};
		EBF7360120D032B40026FFFA /* LaunchScreen.storyboard */ = {
			isa = PBXVariantGroup;
			children = (
				EBF7360220D032B40026FFFA /* Base */,
			);
			name = LaunchScreen.storyboard;
			sourceTree = "<group>";
		};
/* End PBXVariantGroup section */

/* Begin XCBuildConfiguration section */
		EBF7360520D032B40026FFFA /* Debug */ = {
			isa = XCBuildConfiguration;
			buildSettings = {
				ALWAYS_SEARCH_USER_PATHS = NO;
				CLANG_ANALYZER_NONNULL = YES;
				CLANG_ANALYZER_NUMBER_OBJECT_CONVERSION = YES_AGGRESSIVE;
				CLANG_CXX_LANGUAGE_STANDARD = "gnu++14";
				CLANG_CXX_LIBRARY = "libc++";
				CLANG_ENABLE_MODULES = YES;
				CLANG_ENABLE_OBJC_ARC = YES;
				CLANG_ENABLE_OBJC_WEAK = YES;
				CLANG_WARN_BLOCK_CAPTURE_AUTORELEASING = YES;
				CLANG_WARN_BOOL_CONVERSION = YES;
				CLANG_WARN_COMMA = YES;
				CLANG_WARN_CONSTANT_CONVERSION = YES;
				CLANG_WARN_DEPRECATED_OBJC_IMPLEMENTATIONS = YES;
				CLANG_WARN_DIRECT_OBJC_ISA_USAGE = YES_ERROR;
				CLANG_WARN_DOCUMENTATION_COMMENTS = YES;
				CLANG_WARN_EMPTY_BODY = YES;
				CLANG_WARN_ENUM_CONVERSION = YES;
				CLANG_WARN_INFINITE_RECURSION = YES;
				CLANG_WARN_INT_CONVERSION = YES;
				CLANG_WARN_NON_LITERAL_NULL_CONVERSION = YES;
				CLANG_WARN_OBJC_IMPLICIT_RETAIN_SELF = YES;
				CLANG_WARN_OBJC_LITERAL_CONVERSION = YES;
				CLANG_WARN_OBJC_ROOT_CLASS = YES_ERROR;
				CLANG_WARN_RANGE_LOOP_ANALYSIS = YES;
				CLANG_WARN_STRICT_PROTOTYPES = YES;
				CLANG_WARN_SUSPICIOUS_MOVE = YES;
				CLANG_WARN_UNGUARDED_AVAILABILITY = YES_AGGRESSIVE;
				CLANG_WARN_UNREACHABLE_CODE = YES;
				CLANG_WARN__DUPLICATE_METHOD_MATCH = YES;
				CODE_SIGN_IDENTITY = "iPhone Developer";
				COPY_PHASE_STRIP = NO;
				DEBUG_INFORMATION_FORMAT = dwarf;
				ENABLE_STRICT_OBJC_MSGSEND = YES;
				ENABLE_TESTABILITY = YES;
				GCC_C_LANGUAGE_STANDARD = gnu11;
				GCC_DYNAMIC_NO_PIC = NO;
				GCC_NO_COMMON_BLOCKS = YES;
				GCC_OPTIMIZATION_LEVEL = 0;
				GCC_PREPROCESSOR_DEFINITIONS = (
					"DEBUG=1",
					"$(inherited)",
				);
				GCC_WARN_64_TO_32_BIT_CONVERSION = YES;
				GCC_WARN_ABOUT_RETURN_TYPE = YES_ERROR;
				GCC_WARN_UNDECLARED_SELECTOR = YES;
				GCC_WARN_UNINITIALIZED_AUTOS = YES_AGGRESSIVE;
				GCC_WARN_UNUSED_FUNCTION = YES;
				GCC_WARN_UNUSED_VARIABLE = YES;
				IPHONEOS_DEPLOYMENT_TARGET = 11.3;
				MTL_ENABLE_DEBUG_INFO = YES;
				ONLY_ACTIVE_ARCH = YES;
				SDKROOT = iphoneos;
				SWIFT_ACTIVE_COMPILATION_CONDITIONS = DEBUG;
				SWIFT_OPTIMIZATION_LEVEL = "-Onone";
			};
			name = Debug;
		};
		EBF7360620D032B40026FFFA /* Release */ = {
			isa = XCBuildConfiguration;
			buildSettings = {
				ALWAYS_SEARCH_USER_PATHS = NO;
				CLANG_ANALYZER_NONNULL = YES;
				CLANG_ANALYZER_NUMBER_OBJECT_CONVERSION = YES_AGGRESSIVE;
				CLANG_CXX_LANGUAGE_STANDARD = "gnu++14";
				CLANG_CXX_LIBRARY = "libc++";
				CLANG_ENABLE_MODULES = YES;
				CLANG_ENABLE_OBJC_ARC = YES;
				CLANG_ENABLE_OBJC_WEAK = YES;
				CLANG_WARN_BLOCK_CAPTURE_AUTORELEASING = YES;
				CLANG_WARN_BOOL_CONVERSION = YES;
				CLANG_WARN_COMMA = YES;
				CLANG_WARN_CONSTANT_CONVERSION = YES;
				CLANG_WARN_DEPRECATED_OBJC_IMPLEMENTATIONS = YES;
				CLANG_WARN_DIRECT_OBJC_ISA_USAGE = YES_ERROR;
				CLANG_WARN_DOCUMENTATION_COMMENTS = YES;
				CLANG_WARN_EMPTY_BODY = YES;
				CLANG_WARN_ENUM_CONVERSION = YES;
				CLANG_WARN_INFINITE_RECURSION = YES;
				CLANG_WARN_INT_CONVERSION = YES;
				CLANG_WARN_NON_LITERAL_NULL_CONVERSION = YES;
				CLANG_WARN_OBJC_IMPLICIT_RETAIN_SELF = YES;
				CLANG_WARN_OBJC_LITERAL_CONVERSION = YES;
				CLANG_WARN_OBJC_ROOT_CLASS = YES_ERROR;
				CLANG_WARN_RANGE_LOOP_ANALYSIS = YES;
				CLANG_WARN_STRICT_PROTOTYPES = YES;
				CLANG_WARN_SUSPICIOUS_MOVE = YES;
				CLANG_WARN_UNGUARDED_AVAILABILITY = YES_AGGRESSIVE;
				CLANG_WARN_UNREACHABLE_CODE = YES;
				CLANG_WARN__DUPLICATE_METHOD_MATCH = YES;
				CODE_SIGN_IDENTITY = "iPhone Developer";
				COPY_PHASE_STRIP = NO;
				DEBUG_INFORMATION_FORMAT = "dwarf-with-dsym";
				ENABLE_NS_ASSERTIONS = NO;
				ENABLE_STRICT_OBJC_MSGSEND = YES;
				GCC_C_LANGUAGE_STANDARD = gnu11;
				GCC_NO_COMMON_BLOCKS = YES;
				GCC_WARN_64_TO_32_BIT_CONVERSION = YES;
				GCC_WARN_ABOUT_RETURN_TYPE = YES_ERROR;
				GCC_WARN_UNDECLARED_SELECTOR = YES;
				GCC_WARN_UNINITIALIZED_AUTOS = YES_AGGRESSIVE;
				GCC_WARN_UNUSED_FUNCTION = YES;
				GCC_WARN_UNUSED_VARIABLE = YES;
				IPHONEOS_DEPLOYMENT_TARGET = 11.3;
				MTL_ENABLE_DEBUG_INFO = NO;
				SDKROOT = iphoneos;
				SWIFT_COMPILATION_MODE = wholemodule;
				SWIFT_OPTIMIZATION_LEVEL = "-O";
				VALIDATE_PRODUCT = YES;
			};
			name = Release;
		};
		EBF7360820D032B40026FFFA /* Debug */ = {
			isa = XCBuildConfiguration;
			buildSettings = {
				ASSETCATALOG_COMPILER_APPICON_NAME = AppIcon;
				CODE_SIGN_STYLE = Automatic;
				INFOPLIST_FILE = Clock/Info.plist;
				LD_RUNPATH_SEARCH_PATHS = (
					"$(inherited)",
					"@executable_path/Frameworks",
				);
				PRODUCT_BUNDLE_IDENTIFIER = learning.Clock;
				PRODUCT_NAME = "$(TARGET_NAME)";
				SWIFT_VERSION = 4.0;
				TARGETED_DEVICE_FAMILY = "1,2";
			};
			name = Debug;
		};
		EBF7360920D032B40026FFFA /* Release */ = {
			isa = XCBuildConfiguration;
			buildSettings = {
				ASSETCATALOG_COMPILER_APPICON_NAME = AppIcon;
				CODE_SIGN_STYLE = Automatic;
				INFOPLIST_FILE = Clock/Info.plist;
				LD_RUNPATH_SEARCH_PATHS = (
					"$(inherited)",
					"@executable_path/Frameworks",
				);
				PRODUCT_BUNDLE_IDENTIFIER = learning.Clock;
				PRODUCT_NAME = "$(TARGET_NAME)";
				SWIFT_VERSION = 4.0;
				TARGETED_DEVICE_FAMILY = "1,2";
			};
			name = Release;
		};
/* End XCBuildConfiguration section */

/* Begin XCConfigurationList section */
		EBF735F020D032B20026FFFA /* Build configuration list for PBXProject "Clock" */ = {
			isa = XCConfigurationList;
			buildConfigurations = (
				EBF7360520D032B40026FFFA /* Debug */,
				EBF7360620D032B40026FFFA /* Release */,
			);
			defaultConfigurationIsVisible = 0;
			defaultConfigurationName = Release;
		};
		EBF7360720D032B40026FFFA /* Build configuration list for PBXNativeTarget "Clock" */ = {
			isa = XCConfigurationList;
			buildConfigurations = (
				EBF7360820D032B40026FFFA /* Debug */,
				EBF7360920D032B40026FFFA /* Release */,
			);
			defaultConfigurationIsVisible = 0;
			defaultConfigurationName = Release;
		};
/* End XCConfigurationList section */
	};
	rootObject = EBF735ED20D032B20026FFFA /* Project object */;
}
